
Microsoft Visual Studio Solution File, Format Version 11.00
# Visual Studio 2010
Project("{8BC9CEB8-8B4A-11D0-8D11-00A0C91BC942}") = "GLTraceInstru", "GLTraceInstru\GLTraceInstru.vcxproj", "{322991AF-0777-47A5-BE3D-3D4BC8C0EE95}"
EndProject
Project("{8BC9CEB8-8B4A-11D0-8D11-00A0C91BC942}") = "GLRetFuncGen", "GLRetFuncGen\GLRetFuncGen.vcxproj", "{DA37AC11-9CF3-4FA2-AD67-0D75E509F4B3}"
EndProject
Project("{8BC9CEB8-8B4A-11D0-8D11-00A0C91BC942}") = "GLFuncs", "GLFuncs\GLFuncs.vcxproj", "{75278CF4-B2AD-4A4E-93F6-0AAE1E16B8B9}"
EndProject
Global
	GlobalSection(SolutionConfigurationPlatforms) = preSolution
		Debug|Win32 = Debug|Win32
		Release|Win32 = Release|Win32
	EndGlobalSection
	GlobalSection(ProjectConfigurationPlatforms) = postSolution
		{322991AF-0777-47A5-BE3D-3D4BC8C0EE95}.Debug|Win32.ActiveCfg = Debug|Win32
		{322991AF-0777-47A5-BE3D-3D4BC8C0EE95}.Debug|Win32.Build.0 = Debug|Win32
		{322991AF-0777-47A5-BE3D-3D4BC8C0EE95}.Release|Win32.ActiveCfg = Release|Win32
		{322991AF-0777-47A5-BE3D-3D4BC8C0EE95}.Release|Win32.Build.0 = Release|Win32
		{DA37AC11-9CF3-4FA2-AD67-0D75E509F4B3}.Debug|Win32.ActiveCfg = Debug|Win32
		{DA37AC11-9CF3-4FA2-AD67-0D75E509F4B3}.Debug|Win32.Build.0 = Debug|Win32
		{DA37AC11-9CF3-4FA2-AD67-0D75E509F4B3}.Release|Win32.ActiveCfg = Release|Win32
		{DA37AC11-9CF3-4FA2-AD67-0D75E509F4B3}.Release|Win32.Build.0 = Release|Win32
		{75278CF4-B2AD-4A4E-93F6-0AAE1E16B8B9}.Debug|Win32.ActiveCfg = Debug|Win32
		{75278CF4-B2AD-4A4E-93F6-0AAE1E16B8B9}.Debug|Win32.Build.0 = Debug|Win32
		{75278CF4-B2AD-4A4E-93F6-0AAE1E16B8B9}.Release|Win32.ActiveCfg = Release|Win32
		{75278CF4-B2AD-4A4E-93F6-0AAE1E16B8B9}.Release|Win32.Build.0 = Release|Win32
	EndGlobalSection
	GlobalSection(SolutionProperties) = preSolution
		HideSolutionNode = FALSE
	EndGlobalSection
EndGlobal
